// !$*UTF8*$!
{
	archiveVersion = 1;
	classes = {
	};
	objectVersion = 46;
	objects = {

/* Begin PBXBuildFile section */
		086C784717B98FE200CE9FA7 /* XCTest.framework in Frameworks */ = {isa = PBXBuildFile; fileRef = 086C784617B98FE200CE9FA7 /* XCTest.framework */; };
		086C784817B98FE200CE9FA7 /* Foundation.framework in Frameworks */ = {isa = PBXBuildFile; fileRef = 08A7DBEE17B977E500C3ED80 /* Foundation.framework */; };
		086C784917B98FE200CE9FA7 /* UIKit.framework in Frameworks */ = {isa = PBXBuildFile; fileRef = 08A7DBEC17B977E500C3ED80 /* UIKit.framework */; };
		086C784F17B98FE200CE9FA7 /* InfoPlist.strings in Resources */ = {isa = PBXBuildFile; fileRef = 086C784D17B98FE200CE9FA7 /* InfoPlist.strings */; };
		086C785117B98FE200CE9FA7 /* Growing_Pains_Tests.m in Sources */ = {isa = PBXBuildFile; fileRef = 086C785017B98FE200CE9FA7 /* Growing_Pains_Tests.m */; };
		08A7DBED17B977E500C3ED80 /* UIKit.framework in Frameworks */ = {isa = PBXBuildFile; fileRef = 08A7DBEC17B977E500C3ED80 /* UIKit.framework */; };
		08A7DBEF17B977E500C3ED80 /* Foundation.framework in Frameworks */ = {isa = PBXBuildFile; fileRef = 08A7DBEE17B977E500C3ED80 /* Foundation.framework */; };
		08A7DBF117B977E500C3ED80 /* CoreGraphics.framework in Frameworks */ = {isa = PBXBuildFile; fileRef = 08A7DBF017B977E500C3ED80 /* CoreGraphics.framework */; };
		08A7DBF717B977E500C3ED80 /* InfoPlist.strings in Resources */ = {isa = PBXBuildFile; fileRef = 08A7DBF517B977E500C3ED80 /* InfoPlist.strings */; };
		08A7DBF917B977E500C3ED80 /* main.m in Sources */ = {isa = PBXBuildFile; fileRef = 08A7DBF817B977E500C3ED80 /* main.m */; };
		08A7DBFD17B977E500C3ED80 /* GPAppDelegate.m in Sources */ = {isa = PBXBuildFile; fileRef = 08A7DBFC17B977E500C3ED80 /* GPAppDelegate.m */; };
		08A7DBFF17B977E500C3ED80 /* Default.png in Resources */ = {isa = PBXBuildFile; fileRef = 08A7DBFE17B977E500C3ED80 /* Default.png */; };
		08A7DC0117B977E500C3ED80 /* Default@2x.png in Resources */ = {isa = PBXBuildFile; fileRef = 08A7DC0017B977E500C3ED80 /* Default@2x.png */; };
		08A7DC0317B977E500C3ED80 /* Default-568h@2x.png in Resources */ = {isa = PBXBuildFile; fileRef = 08A7DC0217B977E500C3ED80 /* Default-568h@2x.png */; };
		08A7DC0617B977E500C3ED80 /* MainStoryboard.storyboard in Resources */ = {isa = PBXBuildFile; fileRef = 08A7DC0417B977E500C3ED80 /* MainStoryboard.storyboard */; };
		08A7DC0917B977E500C3ED80 /* GPFirstViewController.m in Sources */ = {isa = PBXBuildFile; fileRef = 08A7DC0817B977E500C3ED80 /* GPFirstViewController.m */; };
		08A7DC0B17B977E500C3ED80 /* first.png in Resources */ = {isa = PBXBuildFile; fileRef = 08A7DC0A17B977E500C3ED80 /* first.png */; };
		08A7DC0D17B977E500C3ED80 /* first@2x.png in Resources */ = {isa = PBXBuildFile; fileRef = 08A7DC0C17B977E500C3ED80 /* first@2x.png */; };
		08A7DC1017B977E500C3ED80 /* GPSecondViewController.m in Sources */ = {isa = PBXBuildFile; fileRef = 08A7DC0F17B977E500C3ED80 /* GPSecondViewController.m */; };
		08A7DC1217B977E500C3ED80 /* second.png in Resources */ = {isa = PBXBuildFile; fileRef = 08A7DC1117B977E500C3ED80 /* second.png */; };
		08A7DC1417B977E500C3ED80 /* second@2x.png in Resources */ = {isa = PBXBuildFile; fileRef = 08A7DC1317B977E500C3ED80 /* second@2x.png */; };
		08A7DC3717B97B0600C3ED80 /* Parse.framework in Frameworks */ = {isa = PBXBuildFile; fileRef = 08A7DC3617B97B0600C3ED80 /* Parse.framework */; };
		08A7DC3917B97B2000C3ED80 /* AudioToolbox.framework in Frameworks */ = {isa = PBXBuildFile; fileRef = 08A7DC3817B97B2000C3ED80 /* AudioToolbox.framework */; };
		08A7DC3B17B97B2800C3ED80 /* CFNetwork.framework in Frameworks */ = {isa = PBXBuildFile; fileRef = 08A7DC3A17B97B2800C3ED80 /* CFNetwork.framework */; };
		08A7DC3D17B97B3500C3ED80 /* CoreLocation.framework in Frameworks */ = {isa = PBXBuildFile; fileRef = 08A7DC3C17B97B3500C3ED80 /* CoreLocation.framework */; };
		08A7DC3F17B97B3E00C3ED80 /* libz.1.1.3.dylib in Frameworks */ = {isa = PBXBuildFile; fileRef = 08A7DC3E17B97B3E00C3ED80 /* libz.1.1.3.dylib */; };
		08A7DC4117B97B4600C3ED80 /* MobileCoreServices.framework in Frameworks */ = {isa = PBXBuildFile; fileRef = 08A7DC4017B97B4600C3ED80 /* MobileCoreServices.framework */; };
		08A7DC4317B97B4E00C3ED80 /* QuartzCore.framework in Frameworks */ = {isa = PBXBuildFile; fileRef = 08A7DC4217B97B4E00C3ED80 /* QuartzCore.framework */; };
		08A7DC4517B97B5500C3ED80 /* Security.framework in Frameworks */ = {isa = PBXBuildFile; fileRef = 08A7DC4417B97B5500C3ED80 /* Security.framework */; };
		08A7DC4717B97B5C00C3ED80 /* StoreKit.framework in Frameworks */ = {isa = PBXBuildFile; fileRef = 08A7DC4617B97B5C00C3ED80 /* StoreKit.framework */; };
		08A7DC4917B97B6200C3ED80 /* SystemConfiguration.framework in Frameworks */ = {isa = PBXBuildFile; fileRef = 08A7DC4817B97B6200C3ED80 /* SystemConfiguration.framework */; };
		08A7DC4F17B9802900C3ED80 /* GPTabBarViewController.m in Sources */ = {isa = PBXBuildFile; fileRef = 08A7DC4E17B9802900C3ED80 /* GPTabBarViewController.m */; };
		08A7DC5217B9808A00C3ED80 /* GPLoginViewController.m in Sources */ = {isa = PBXBuildFile; fileRef = 08A7DC5117B9808A00C3ED80 /* GPLoginViewController.m */; };
/* End PBXBuildFile section */

/* Begin PBXContainerItemProxy section */
		086C785317B98FE200CE9FA7 /* PBXContainerItemProxy */ = {
			isa = PBXContainerItemProxy;
			containerPortal = 08A7DBE117B977E500C3ED80 /* Project object */;
			proxyType = 1;
			remoteGlobalIDString = 08A7DBE817B977E500C3ED80;
			remoteInfo = "Growing Pains";
		};
/* End PBXContainerItemProxy section */

/* Begin PBXFileReference section */
		086C784517B98FE200CE9FA7 /* Growing Pains Tests.xctest */ = {isa = PBXFileReference; explicitFileType = wrapper.cfbundle; includeInIndex = 0; path = "Growing Pains Tests.xctest"; sourceTree = BUILT_PRODUCTS_DIR; };
		086C784617B98FE200CE9FA7 /* XCTest.framework */ = {isa = PBXFileReference; lastKnownFileType = wrapper.framework; name = XCTest.framework; path = Library/Frameworks/XCTest.framework; sourceTree = DEVELOPER_DIR; };
		086C784C17B98FE200CE9FA7 /* Growing Pains Tests-Info.plist */ = {isa = PBXFileReference; lastKnownFileType = text.plist.xml; path = "Growing Pains Tests-Info.plist"; sourceTree = "<group>"; };
		086C784E17B98FE200CE9FA7 /* en */ = {isa = PBXFileReference; lastKnownFileType = text.plist.strings; name = en; path = en.lproj/InfoPlist.strings; sourceTree = "<group>"; };
		086C785017B98FE200CE9FA7 /* Growing_Pains_Tests.m */ = {isa = PBXFileReference; lastKnownFileType = sourcecode.c.objc; path = Growing_Pains_Tests.m; sourceTree = "<group>"; };
		086C785217B98FE200CE9FA7 /* Growing Pains Tests-Prefix.pch */ = {isa = PBXFileReference; lastKnownFileType = sourcecode.c.h; path = "Growing Pains Tests-Prefix.pch"; sourceTree = "<group>"; };
		08A7DBE917B977E500C3ED80 /* Growing Pains.app */ = {isa = PBXFileReference; explicitFileType = wrapper.application; includeInIndex = 0; path = "Growing Pains.app"; sourceTree = BUILT_PRODUCTS_DIR; };
		08A7DBEC17B977E500C3ED80 /* UIKit.framework */ = {isa = PBXFileReference; lastKnownFileType = wrapper.framework; name = UIKit.framework; path = System/Library/Frameworks/UIKit.framework; sourceTree = SDKROOT; };
		08A7DBEE17B977E500C3ED80 /* Foundation.framework */ = {isa = PBXFileReference; lastKnownFileType = wrapper.framework; name = Foundation.framework; path = System/Library/Frameworks/Foundation.framework; sourceTree = SDKROOT; };
		08A7DBF017B977E500C3ED80 /* CoreGraphics.framework */ = {isa = PBXFileReference; lastKnownFileType = wrapper.framework; name = CoreGraphics.framework; path = System/Library/Frameworks/CoreGraphics.framework; sourceTree = SDKROOT; };
		08A7DBF417B977E500C3ED80 /* GrowingPains2-Info.plist */ = {isa = PBXFileReference; lastKnownFileType = text.plist.xml; path = "GrowingPains2-Info.plist"; sourceTree = "<group>"; };
		08A7DBF617B977E500C3ED80 /* en */ = {isa = PBXFileReference; lastKnownFileType = text.plist.strings; name = en; path = en.lproj/InfoPlist.strings; sourceTree = "<group>"; };
		08A7DBF817B977E500C3ED80 /* main.m */ = {isa = PBXFileReference; lastKnownFileType = sourcecode.c.objc; path = main.m; sourceTree = "<group>"; };
		08A7DBFA17B977E500C3ED80 /* GrowingPains2-Prefix.pch */ = {isa = PBXFileReference; lastKnownFileType = sourcecode.c.h; path = "GrowingPains2-Prefix.pch"; sourceTree = "<group>"; };
		08A7DBFB17B977E500C3ED80 /* GPAppDelegate.h */ = {isa = PBXFileReference; lastKnownFileType = sourcecode.c.h; path = GPAppDelegate.h; sourceTree = "<group>"; };
		08A7DBFC17B977E500C3ED80 /* GPAppDelegate.m */ = {isa = PBXFileReference; lastKnownFileType = sourcecode.c.objc; path = GPAppDelegate.m; sourceTree = "<group>"; };
		08A7DBFE17B977E500C3ED80 /* Default.png */ = {isa = PBXFileReference; lastKnownFileType = image.png; path = Default.png; sourceTree = "<group>"; };
		08A7DC0017B977E500C3ED80 /* Default@2x.png */ = {isa = PBXFileReference; lastKnownFileType = image.png; path = "Default@2x.png"; sourceTree = "<group>"; };
		08A7DC0217B977E500C3ED80 /* Default-568h@2x.png */ = {isa = PBXFileReference; lastKnownFileType = image.png; path = "Default-568h@2x.png"; sourceTree = "<group>"; };
		08A7DC0517B977E500C3ED80 /* en */ = {isa = PBXFileReference; lastKnownFileType = file.storyboard; name = en; path = en.lproj/MainStoryboard.storyboard; sourceTree = "<group>"; };
		08A7DC0717B977E500C3ED80 /* GPFirstViewController.h */ = {isa = PBXFileReference; lastKnownFileType = sourcecode.c.h; path = GPFirstViewController.h; sourceTree = "<group>"; };
		08A7DC0817B977E500C3ED80 /* GPFirstViewController.m */ = {isa = PBXFileReference; lastKnownFileType = sourcecode.c.objc; path = GPFirstViewController.m; sourceTree = "<group>"; };
		08A7DC0A17B977E500C3ED80 /* first.png */ = {isa = PBXFileReference; lastKnownFileType = image.png; path = first.png; sourceTree = "<group>"; };
		08A7DC0C17B977E500C3ED80 /* first@2x.png */ = {isa = PBXFileReference; lastKnownFileType = image.png; path = "first@2x.png"; sourceTree = "<group>"; };
		08A7DC0E17B977E500C3ED80 /* GPSecondViewController.h */ = {isa = PBXFileReference; lastKnownFileType = sourcecode.c.h; path = GPSecondViewController.h; sourceTree = "<group>"; };
		08A7DC0F17B977E500C3ED80 /* GPSecondViewController.m */ = {isa = PBXFileReference; lastKnownFileType = sourcecode.c.objc; path = GPSecondViewController.m; sourceTree = "<group>"; };
		08A7DC1117B977E500C3ED80 /* second.png */ = {isa = PBXFileReference; lastKnownFileType = image.png; path = second.png; sourceTree = "<group>"; };
		08A7DC1317B977E500C3ED80 /* second@2x.png */ = {isa = PBXFileReference; lastKnownFileType = image.png; path = "second@2x.png"; sourceTree = "<group>"; };
		08A7DC1B17B977E500C3ED80 /* SenTestingKit.framework */ = {isa = PBXFileReference; lastKnownFileType = wrapper.framework; name = SenTestingKit.framework; path = Library/Frameworks/SenTestingKit.framework; sourceTree = DEVELOPER_DIR; };
		08A7DC3617B97B0600C3ED80 /* Parse.framework */ = {isa = PBXFileReference; lastKnownFileType = wrapper.framework; path = Parse.framework; sourceTree = "<group>"; };
		08A7DC3817B97B2000C3ED80 /* AudioToolbox.framework */ = {isa = PBXFileReference; lastKnownFileType = wrapper.framework; name = AudioToolbox.framework; path = System/Library/Frameworks/AudioToolbox.framework; sourceTree = SDKROOT; };
		08A7DC3A17B97B2800C3ED80 /* CFNetwork.framework */ = {isa = PBXFileReference; lastKnownFileType = wrapper.framework; name = CFNetwork.framework; path = System/Library/Frameworks/CFNetwork.framework; sourceTree = SDKROOT; };
		08A7DC3C17B97B3500C3ED80 /* CoreLocation.framework */ = {isa = PBXFileReference; lastKnownFileType = wrapper.framework; name = CoreLocation.framework; path = System/Library/Frameworks/CoreLocation.framework; sourceTree = SDKROOT; };
		08A7DC3E17B97B3E00C3ED80 /* libz.1.1.3.dylib */ = {isa = PBXFileReference; lastKnownFileType = "compiled.mach-o.dylib"; name = libz.1.1.3.dylib; path = usr/lib/libz.1.1.3.dylib; sourceTree = SDKROOT; };
		08A7DC4017B97B4600C3ED80 /* MobileCoreServices.framework */ = {isa = PBXFileReference; lastKnownFileType = wrapper.framework; name = MobileCoreServices.framework; path = System/Library/Frameworks/MobileCoreServices.framework; sourceTree = SDKROOT; };
		08A7DC4217B97B4E00C3ED80 /* QuartzCore.framework */ = {isa = PBXFileReference; lastKnownFileType = wrapper.framework; name = QuartzCore.framework; path = System/Library/Frameworks/QuartzCore.framework; sourceTree = SDKROOT; };
		08A7DC4417B97B5500C3ED80 /* Security.framework */ = {isa = PBXFileReference; lastKnownFileType = wrapper.framework; name = Security.framework; path = System/Library/Frameworks/Security.framework; sourceTree = SDKROOT; };
		08A7DC4617B97B5C00C3ED80 /* StoreKit.framework */ = {isa = PBXFileReference; lastKnownFileType = wrapper.framework; name = StoreKit.framework; path = System/Library/Frameworks/StoreKit.framework; sourceTree = SDKROOT; };
		08A7DC4817B97B6200C3ED80 /* SystemConfiguration.framework */ = {isa = PBXFileReference; lastKnownFileType = wrapper.framework; name = SystemConfiguration.framework; path = System/Library/Frameworks/SystemConfiguration.framework; sourceTree = SDKROOT; };
		08A7DC4D17B9802800C3ED80 /* GPTabBarViewController.h */ = {isa = PBXFileReference; fileEncoding = 4; lastKnownFileType = sourcecode.c.h; path = GPTabBarViewController.h; sourceTree = "<group>"; };
		08A7DC4E17B9802900C3ED80 /* GPTabBarViewController.m */ = {isa = PBXFileReference; fileEncoding = 4; lastKnownFileType = sourcecode.c.objc; path = GPTabBarViewController.m; sourceTree = "<group>"; };
		08A7DC5017B9808A00C3ED80 /* GPLoginViewController.h */ = {isa = PBXFileReference; fileEncoding = 4; lastKnownFileType = sourcecode.c.h; path = GPLoginViewController.h; sourceTree = "<group>"; };
		08A7DC5117B9808A00C3ED80 /* GPLoginViewController.m */ = {isa = PBXFileReference; fileEncoding = 4; lastKnownFileType = sourcecode.c.objc; path = GPLoginViewController.m; sourceTree = "<group>"; };
/* End PBXFileReference section */

/* Begin PBXFrameworksBuildPhase section */
		086C784217B98FE200CE9FA7 /* Frameworks */ = {
			isa = PBXFrameworksBuildPhase;
			buildActionMask = 2147483647;
			files = (
				086C784717B98FE200CE9FA7 /* XCTest.framework in Frameworks */,
				086C784917B98FE200CE9FA7 /* UIKit.framework in Frameworks */,
				086C784817B98FE200CE9FA7 /* Foundation.framework in Frameworks */,
			);
			runOnlyForDeploymentPostprocessing = 0;
		};
		08A7DBE617B977E500C3ED80 /* Frameworks */ = {
			isa = PBXFrameworksBuildPhase;
			buildActionMask = 2147483647;
			files = (
				08A7DC4917B97B6200C3ED80 /* SystemConfiguration.framework in Frameworks */,
				08A7DC4717B97B5C00C3ED80 /* StoreKit.framework in Frameworks */,
				08A7DC4517B97B5500C3ED80 /* Security.framework in Frameworks */,
				08A7DC4317B97B4E00C3ED80 /* QuartzCore.framework in Frameworks */,
				08A7DC4117B97B4600C3ED80 /* MobileCoreServices.framework in Frameworks */,
				08A7DC3F17B97B3E00C3ED80 /* libz.1.1.3.dylib in Frameworks */,
				08A7DC3D17B97B3500C3ED80 /* CoreLocation.framework in Frameworks */,
				08A7DC3B17B97B2800C3ED80 /* CFNetwork.framework in Frameworks */,
				08A7DC3917B97B2000C3ED80 /* AudioToolbox.framework in Frameworks */,
				08A7DBED17B977E500C3ED80 /* UIKit.framework in Frameworks */,
				08A7DBEF17B977E500C3ED80 /* Foundation.framework in Frameworks */,
				08A7DBF117B977E500C3ED80 /* CoreGraphics.framework in Frameworks */,
				08A7DC3717B97B0600C3ED80 /* Parse.framework in Frameworks */,
			);
			runOnlyForDeploymentPostprocessing = 0;
		};
/* End PBXFrameworksBuildPhase section */

/* Begin PBXGroup section */
		086C784A17B98FE200CE9FA7 /* Growing Pains Tests */ = {
			isa = PBXGroup;
			children = (
				086C785017B98FE200CE9FA7 /* Growing_Pains_Tests.m */,
				086C784B17B98FE200CE9FA7 /* Supporting Files */,
			);
			path = "Growing Pains Tests";
			sourceTree = "<group>";
		};
		086C784B17B98FE200CE9FA7 /* Supporting Files */ = {
			isa = PBXGroup;
			children = (
				086C784C17B98FE200CE9FA7 /* Growing Pains Tests-Info.plist */,
				086C784D17B98FE200CE9FA7 /* InfoPlist.strings */,
				086C785217B98FE200CE9FA7 /* Growing Pains Tests-Prefix.pch */,
			);
			name = "Supporting Files";
			sourceTree = "<group>";
		};
		08A7DBE017B977E500C3ED80 = {
			isa = PBXGroup;
			children = (
				08A7DBF217B977E500C3ED80 /* GrowingPains2 */,
				086C784A17B98FE200CE9FA7 /* Growing Pains Tests */,
				08A7DBEB17B977E500C3ED80 /* Frameworks */,
				08A7DBEA17B977E500C3ED80 /* Products */,
			);
			sourceTree = "<group>";
		};
		08A7DBEA17B977E500C3ED80 /* Products */ = {
			isa = PBXGroup;
			children = (
				08A7DBE917B977E500C3ED80 /* Growing Pains.app */,
				086C784517B98FE200CE9FA7 /* Growing Pains Tests.xctest */,
			);
			name = Products;
			sourceTree = "<group>";
		};
		08A7DBEB17B977E500C3ED80 /* Frameworks */ = {
			isa = PBXGroup;
			children = (
				08A7DC4817B97B6200C3ED80 /* SystemConfiguration.framework */,
				08A7DC4617B97B5C00C3ED80 /* StoreKit.framework */,
				08A7DC4417B97B5500C3ED80 /* Security.framework */,
				08A7DC4217B97B4E00C3ED80 /* QuartzCore.framework */,
				08A7DC4017B97B4600C3ED80 /* MobileCoreServices.framework */,
				08A7DC3E17B97B3E00C3ED80 /* libz.1.1.3.dylib */,
				08A7DC3C17B97B3500C3ED80 /* CoreLocation.framework */,
				08A7DC3A17B97B2800C3ED80 /* CFNetwork.framework */,
				08A7DC3817B97B2000C3ED80 /* AudioToolbox.framework */,
				08A7DC3617B97B0600C3ED80 /* Parse.framework */,
				08A7DBEC17B977E500C3ED80 /* UIKit.framework */,
				08A7DBEE17B977E500C3ED80 /* Foundation.framework */,
				08A7DBF017B977E500C3ED80 /* CoreGraphics.framework */,
				08A7DC1B17B977E500C3ED80 /* SenTestingKit.framework */,
				086C784617B98FE200CE9FA7 /* XCTest.framework */,
			);
			name = Frameworks;
			sourceTree = "<group>";
		};
		08A7DBF217B977E500C3ED80 /* GrowingPains2 */ = {
			isa = PBXGroup;
			children = (
				08A7DBFB17B977E500C3ED80 /* GPAppDelegate.h */,
				08A7DBFC17B977E500C3ED80 /* GPAppDelegate.m */,
				08A7DC0417B977E500C3ED80 /* MainStoryboard.storyboard */,
				08A7DC3517B9780C00C3ED80 /* Resources */,
				08A7DC3217B977ED00C3ED80 /* Models */,
				08A7DC3317B977F500C3ED80 /* Views */,
				08A7DC3417B977FB00C3ED80 /* Controllers */,
				08A7DBF317B977E500C3ED80 /* Supporting Files */,
			);
			path = GrowingPains2;
			sourceTree = "<group>";
		};
		08A7DBF317B977E500C3ED80 /* Supporting Files */ = {
			isa = PBXGroup;
			children = (
				08A7DBF417B977E500C3ED80 /* GrowingPains2-Info.plist */,
				08A7DBF517B977E500C3ED80 /* InfoPlist.strings */,
				08A7DBF817B977E500C3ED80 /* main.m */,
				08A7DBFA17B977E500C3ED80 /* GrowingPains2-Prefix.pch */,
				08A7DBFE17B977E500C3ED80 /* Default.png */,
				08A7DC0017B977E500C3ED80 /* Default@2x.png */,
				08A7DC0217B977E500C3ED80 /* Default-568h@2x.png */,
			);
			name = "Supporting Files";
			sourceTree = "<group>";
		};
		08A7DC3217B977ED00C3ED80 /* Models */ = {
			isa = PBXGroup;
			children = (
			);
			name = Models;
			sourceTree = "<group>";
		};
		08A7DC3317B977F500C3ED80 /* Views */ = {
			isa = PBXGroup;
			children = (
			);
			name = Views;
			sourceTree = "<group>";
		};
		08A7DC3417B977FB00C3ED80 /* Controllers */ = {
			isa = PBXGroup;
			children = (
				08A7DC5017B9808A00C3ED80 /* GPLoginViewController.h */,
				08A7DC5117B9808A00C3ED80 /* GPLoginViewController.m */,
				08A7DC4D17B9802800C3ED80 /* GPTabBarViewController.h */,
				08A7DC4E17B9802900C3ED80 /* GPTabBarViewController.m */,
				08A7DC0717B977E500C3ED80 /* GPFirstViewController.h */,
				08A7DC0817B977E500C3ED80 /* GPFirstViewController.m */,
				08A7DC0E17B977E500C3ED80 /* GPSecondViewController.h */,
				08A7DC0F17B977E500C3ED80 /* GPSecondViewController.m */,
			);
			name = Controllers;
			sourceTree = "<group>";
		};
		08A7DC3517B9780C00C3ED80 /* Resources */ = {
			isa = PBXGroup;
			children = (
				08A7DC0A17B977E500C3ED80 /* first.png */,
				08A7DC0C17B977E500C3ED80 /* first@2x.png */,
				08A7DC1117B977E500C3ED80 /* second.png */,
				08A7DC1317B977E500C3ED80 /* second@2x.png */,
			);
			name = Resources;
			sourceTree = "<group>";
		};
/* End PBXGroup section */

/* Begin PBXNativeTarget section */
		086C784417B98FE200CE9FA7 /* Growing Pains Tests */ = {
			isa = PBXNativeTarget;
			buildConfigurationList = 086C785517B98FE200CE9FA7 /* Build configuration list for PBXNativeTarget "Growing Pains Tests" */;
			buildPhases = (
				086C784117B98FE200CE9FA7 /* Sources */,
				086C784217B98FE200CE9FA7 /* Frameworks */,
				086C784317B98FE200CE9FA7 /* Resources */,
			);
			buildRules = (
			);
			dependencies = (
				086C785417B98FE200CE9FA7 /* PBXTargetDependency */,
			);
			name = "Growing Pains Tests";
			productName = "Growing Pains Tests";
			productReference = 086C784517B98FE200CE9FA7 /* Growing Pains Tests.xctest */;
			productType = "com.apple.product-type.bundle.unit-test";
		};
		08A7DBE817B977E500C3ED80 /* Growing Pains */ = {
			isa = PBXNativeTarget;
			buildConfigurationList = 08A7DC2C17B977E500C3ED80 /* Build configuration list for PBXNativeTarget "Growing Pains" */;
			buildPhases = (
				08A7DBE517B977E500C3ED80 /* Sources */,
				08A7DBE617B977E500C3ED80 /* Frameworks */,
				08A7DBE717B977E500C3ED80 /* Resources */,
			);
			buildRules = (
			);
			dependencies = (
			);
			name = "Growing Pains";
			productName = GrowingPains2;
			productReference = 08A7DBE917B977E500C3ED80 /* Growing Pains.app */;
			productType = "com.apple.product-type.application";
		};
/* End PBXNativeTarget section */

/* Begin PBXProject section */
		08A7DBE117B977E500C3ED80 /* Project object */ = {
			isa = PBXProject;
			attributes = {
				CLASSPREFIX = GP;
				LastUpgradeCheck = 0460;
				ORGANIZATIONNAME = "Paperplate LLC";
				TargetAttributes = {
					086C784417B98FE200CE9FA7 = {
						TestTargetID = 08A7DBE817B977E500C3ED80;
					};
				};
			};
			buildConfigurationList = 08A7DBE417B977E500C3ED80 /* Build configuration list for PBXProject "GrowingPains2" */;
			compatibilityVersion = "Xcode 3.2";
			developmentRegion = English;
			hasScannedForEncodings = 0;
			knownRegions = (
				en,
			);
			mainGroup = 08A7DBE017B977E500C3ED80;
			productRefGroup = 08A7DBEA17B977E500C3ED80 /* Products */;
			projectDirPath = "";
			projectRoot = "";
			targets = (
				08A7DBE817B977E500C3ED80 /* Growing Pains */,
				086C784417B98FE200CE9FA7 /* Growing Pains Tests */,
			);
		};
/* End PBXProject section */

/* Begin PBXResourcesBuildPhase section */
		086C784317B98FE200CE9FA7 /* Resources */ = {
			isa = PBXResourcesBuildPhase;
			buildActionMask = 2147483647;
			files = (
				086C784F17B98FE200CE9FA7 /* InfoPlist.strings in Resources */,
			);
			runOnlyForDeploymentPostprocessing = 0;
		};
		08A7DBE717B977E500C3ED80 /* Resources */ = {
			isa = PBXResourcesBuildPhase;
			buildActionMask = 2147483647;
			files = (
				08A7DBF717B977E500C3ED80 /* InfoPlist.strings in Resources */,
				08A7DBFF17B977E500C3ED80 /* Default.png in Resources */,
				08A7DC0117B977E500C3ED80 /* Default@2x.png in Resources */,
				08A7DC0317B977E500C3ED80 /* Default-568h@2x.png in Resources */,
				08A7DC0617B977E500C3ED80 /* MainStoryboard.storyboard in Resources */,
				08A7DC0B17B977E500C3ED80 /* first.png in Resources */,
				08A7DC0D17B977E500C3ED80 /* first@2x.png in Resources */,
				08A7DC1217B977E500C3ED80 /* second.png in Resources */,
				08A7DC1417B977E500C3ED80 /* second@2x.png in Resources */,
			);
			runOnlyForDeploymentPostprocessing = 0;
		};
/* End PBXResourcesBuildPhase section */

/* Begin PBXSourcesBuildPhase section */
		086C784117B98FE200CE9FA7 /* Sources */ = {
			isa = PBXSourcesBuildPhase;
			buildActionMask = 2147483647;
			files = (
				086C785117B98FE200CE9FA7 /* Growing_Pains_Tests.m in Sources */,
			);
			runOnlyForDeploymentPostprocessing = 0;
		};
		08A7DBE517B977E500C3ED80 /* Sources */ = {
			isa = PBXSourcesBuildPhase;
			buildActionMask = 2147483647;
			files = (
				08A7DBF917B977E500C3ED80 /* main.m in Sources */,
				08A7DBFD17B977E500C3ED80 /* GPAppDelegate.m in Sources */,
				08A7DC0917B977E500C3ED80 /* GPFirstViewController.m in Sources */,
				08A7DC1017B977E500C3ED80 /* GPSecondViewController.m in Sources */,
				08A7DC4F17B9802900C3ED80 /* GPTabBarViewController.m in Sources */,
				08A7DC5217B9808A00C3ED80 /* GPLoginViewController.m in Sources */,
			);
			runOnlyForDeploymentPostprocessing = 0;
		};
/* End PBXSourcesBuildPhase section */

/* Begin PBXTargetDependency section */
		086C785417B98FE200CE9FA7 /* PBXTargetDependency */ = {
			isa = PBXTargetDependency;
			target = 08A7DBE817B977E500C3ED80 /* Growing Pains */;
			targetProxy = 086C785317B98FE200CE9FA7 /* PBXContainerItemProxy */;
		};
/* End PBXTargetDependency section */

/* Begin PBXVariantGroup section */
		086C784D17B98FE200CE9FA7 /* InfoPlist.strings */ = {
			isa = PBXVariantGroup;
			children = (
				086C784E17B98FE200CE9FA7 /* en */,
			);
			name = InfoPlist.strings;
			sourceTree = "<group>";
		};
		08A7DBF517B977E500C3ED80 /* InfoPlist.strings */ = {
			isa = PBXVariantGroup;
			children = (
				08A7DBF617B977E500C3ED80 /* en */,
			);
			name = InfoPlist.strings;
			sourceTree = "<group>";
		};
		08A7DC0417B977E500C3ED80 /* MainStoryboard.storyboard */ = {
			isa = PBXVariantGroup;
			children = (
				08A7DC0517B977E500C3ED80 /* en */,
			);
			name = MainStoryboard.storyboard;
			sourceTree = "<group>";
		};
/* End PBXVariantGroup section */

/* Begin XCBuildConfiguration section */
		086C785617B98FE200CE9FA7 /* Debug */ = {
			isa = XCBuildConfiguration;
			buildSettings = {
				BUNDLE_LOADER = "$(BUILT_PRODUCTS_DIR)/Growing Pains.app/Growing Pains";
				CLANG_ENABLE_MODULES = YES;
				CLANG_WARN_BOOL_CONVERSION = YES;
				CLANG_WARN_DIRECT_OBJC_ISA_USAGE = YES_ERROR;
				CLANG_WARN_OBJC_ROOT_CLASS = YES_ERROR;
				FRAMEWORK_SEARCH_PATHS = (
					"$(SDKROOT)/Developer/Library/Frameworks",
					"$(inherited)",
					"$(DEVELOPER_FRAMEWORKS_DIR)",
				);
				GCC_PRECOMPILE_PREFIX_HEADER = YES;
				GCC_PREFIX_HEADER = "Growing Pains Tests/Growing Pains Tests-Prefix.pch";
				GCC_PREPROCESSOR_DEFINITIONS = (
					"DEBUG=1",
					"$(inherited)",
				);
				GCC_WARN_ABOUT_RETURN_TYPE = YES_ERROR;
				GCC_WARN_UNDECLARED_SELECTOR = YES;
				GCC_WARN_UNUSED_FUNCTION = YES;
				INFOPLIST_FILE = "Growing Pains Tests/Growing Pains Tests-Info.plist";
				IPHONEOS_DEPLOYMENT_TARGET = 7.0;
				PRODUCT_NAME = "$(TARGET_NAME)";
				TEST_HOST = "$(BUNDLE_LOADER)";
				WRAPPER_EXTENSION = xctest;
			};
			name = Debug;
		};
		086C785717B98FE200CE9FA7 /* Release */ = {
			isa = XCBuildConfiguration;
			buildSettings = {
				BUNDLE_LOADER = "$(BUILT_PRODUCTS_DIR)/Growing Pains.app/Growing Pains";
				CLANG_ENABLE_MODULES = YES;
				CLANG_WARN_BOOL_CONVERSION = YES;
				CLANG_WARN_DIRECT_OBJC_ISA_USAGE = YES_ERROR;
				CLANG_WARN_OBJC_ROOT_CLASS = YES_ERROR;
				ENABLE_NS_ASSERTIONS = NO;
				FRAMEWORK_SEARCH_PATHS = (
					"$(SDKROOT)/Developer/Library/Frameworks",
					"$(inherited)",
					"$(DEVELOPER_FRAMEWORKS_DIR)",
				);
				GCC_PRECOMPILE_PREFIX_HEADER = YES;
				GCC_PREFIX_HEADER = "Growing Pains Tests/Growing Pains Tests-Prefix.pch";
				GCC_WARN_ABOUT_RETURN_TYPE = YES_ERROR;
				GCC_WARN_UNDECLARED_SELECTOR = YES;
				GCC_WARN_UNUSED_FUNCTION = YES;
				INFOPLIST_FILE = "Growing Pains Tests/Growing Pains Tests-Info.plist";
				IPHONEOS_DEPLOYMENT_TARGET = 7.0;
				PRODUCT_NAME = "$(TARGET_NAME)";
				TEST_HOST = "$(BUNDLE_LOADER)";
				WRAPPER_EXTENSION = xctest;
			};
			name = Release;
		};
		08A7DC2A17B977E500C3ED80 /* Debug */ = {
			isa = XCBuildConfiguration;
			buildSettings = {
				ALWAYS_SEARCH_USER_PATHS = NO;
				CLANG_CXX_LANGUAGE_STANDARD = "gnu++0x";
				CLANG_CXX_LIBRARY = "libc++";
				CLANG_ENABLE_OBJC_ARC = YES;
				CLANG_WARN_CONSTANT_CONVERSION = YES;
				CLANG_WARN_EMPTY_BODY = YES;
				CLANG_WARN_ENUM_CONVERSION = YES;
				CLANG_WARN_INT_CONVERSION = YES;
				CLANG_WARN__DUPLICATE_METHOD_MATCH = YES;
				CODE_SIGN_IDENTITY = "iPhone Developer";
				"CODE_SIGN_IDENTITY[sdk=iphoneos*]" = "iPhone Developer";
				COPY_PHASE_STRIP = NO;
				GCC_C_LANGUAGE_STANDARD = gnu99;
				GCC_DYNAMIC_NO_PIC = NO;
				GCC_OPTIMIZATION_LEVEL = 0;
				GCC_PREPROCESSOR_DEFINITIONS = (
					"DEBUG=1",
					"$(inherited)",
				);
				GCC_SYMBOLS_PRIVATE_EXTERN = NO;
				GCC_WARN_ABOUT_RETURN_TYPE = YES;
				GCC_WARN_UNINITIALIZED_AUTOS = YES;
				GCC_WARN_UNUSED_VARIABLE = YES;
				IPHONEOS_DEPLOYMENT_TARGET = 6.1;
				ONLY_ACTIVE_ARCH = YES;
				SDKROOT = iphoneos;
			};
			name = Debug;
		};
		08A7DC2B17B977E500C3ED80 /* Release */ = {
			isa = XCBuildConfiguration;
			buildSettings = {
				ALWAYS_SEARCH_USER_PATHS = NO;
				CLANG_CXX_LANGUAGE_STANDARD = "gnu++0x";
				CLANG_CXX_LIBRARY = "libc++";
				CLANG_ENABLE_OBJC_ARC = YES;
				CLANG_WARN_CONSTANT_CONVERSION = YES;
				CLANG_WARN_EMPTY_BODY = YES;
				CLANG_WARN_ENUM_CONVERSION = YES;
				CLANG_WARN_INT_CONVERSION = YES;
				CLANG_WARN__DUPLICATE_METHOD_MATCH = YES;
				CODE_SIGN_IDENTITY = "iPhone Developer";
				"CODE_SIGN_IDENTITY[sdk=iphoneos*]" = "iPhone Developer";
				COPY_PHASE_STRIP = YES;
				GCC_C_LANGUAGE_STANDARD = gnu99;
				GCC_WARN_ABOUT_RETURN_TYPE = YES;
				GCC_WARN_UNINITIALIZED_AUTOS = YES;
				GCC_WARN_UNUSED_VARIABLE = YES;
				IPHONEOS_DEPLOYMENT_TARGET = 6.1;
				OTHER_CFLAGS = "-DNS_BLOCK_ASSERTIONS=1";
				SDKROOT = iphoneos;
				VALIDATE_PRODUCT = YES;
			};
			name = Release;
		};
		08A7DC2D17B977E500C3ED80 /* Debug */ = {
			isa = XCBuildConfiguration;
			buildSettings = {
				CODE_SIGN_IDENTITY = "iPhone Developer";
				FRAMEWORK_SEARCH_PATHS = (
					"$(inherited)",
					"\"$(SRCROOT)\"",
				);
				GCC_PRECOMPILE_PREFIX_HEADER = YES;
				GCC_PREFIX_HEADER = "GrowingPains2/GrowingPains2-Prefix.pch";
				INFOPLIST_FILE = "GrowingPains2/GrowingPains2-Info.plist";
				PRODUCT_NAME = "$(TARGET_NAME)";
				WRAPPER_EXTENSION = app;
			};
			name = Debug;
		};
		08A7DC2E17B977E500C3ED80 /* Release */ = {
			isa = XCBuildConfiguration;
			buildSettings = {
				CODE_SIGN_IDENTITY = "iPhone Developer";
				FRAMEWORK_SEARCH_PATHS = (
					"$(inherited)",
					"\"$(SRCROOT)\"",
				);
				GCC_PRECOMPILE_PREFIX_HEADER = YES;
				GCC_PREFIX_HEADER = "GrowingPains2/GrowingPains2-Prefix.pch";
				INFOPLIST_FILE = "GrowingPains2/GrowingPains2-Info.plist";
				PRODUCT_NAME = "$(TARGET_NAME)";
				WRAPPER_EXTENSION = app;
			};
			name = Release;
		};
/* End XCBuildConfiguration section */

/* Begin XCConfigurationList section */
		086C785517B98FE200CE9FA7 /* Build configuration list for PBXNativeTarget "Growing Pains Tests" */ = {
			isa = XCConfigurationList;
			buildConfigurations = (
				086C785617B98FE200CE9FA7 /* Debug */,
				086C785717B98FE200CE9FA7 /* Release */,
			);
			defaultConfigurationIsVisible = 0;
		};
		08A7DBE417B977E500C3ED80 /* Build configuration list for PBXProject "GrowingPains2" */ = {
			isa = XCConfigurationList;
			buildConfigurations = (
				08A7DC2A17B977E500C3ED80 /* Debug */,
				08A7DC2B17B977E500C3ED80 /* Release */,
			);
			defaultConfigurationIsVisible = 0;
			defaultConfigurationName = Release;
		};
		08A7DC2C17B977E500C3ED80 /* Build configuration list for PBXNativeTarget "Growing Pains" */ = {
			isa = XCConfigurationList;
			buildConfigurations = (
				08A7DC2D17B977E500C3ED80 /* Debug */,
				08A7DC2E17B977E500C3ED80 /* Release */,
			);
			defaultConfigurationIsVisible = 0;
			defaultConfigurationName = Release;
		};
/* End XCConfigurationList section */
	};
	rootObject = 08A7DBE117B977E500C3ED80 /* Project object */;
}
