// !$*UTF8*$!
{
	archiveVersion = 1;
	classes = {
	};
	objectVersion = 46;
	objects = {

/* Begin PBXBuildFile section */
		0833F18917BA1FB600D55D39 /* GPSignUpViewController.m in Sources */ = {isa = PBXBuildFile; fileRef = 0833F18817BA1FB600D55D39 /* GPSignUpViewController.m */; };
		0896E55617BAE62F00BFD8DD /* GPHelpers.m in Sources */ = {isa = PBXBuildFile; fileRef = 0896E55517BAE62F00BFD8DD /* GPHelpers.m */; };
		0896E55F17BB45E400BFD8DD /* JASidePanelController.m in Sources */ = {isa = PBXBuildFile; fileRef = 0896E55C17BB45E400BFD8DD /* JASidePanelController.m */; };
		0896E56017BB45E400BFD8DD /* UIViewController+JASidePanel.m in Sources */ = {isa = PBXBuildFile; fileRef = 0896E55E17BB45E400BFD8DD /* UIViewController+JASidePanel.m */; };
		0896E56417BB49B700BFD8DD /* GPSidePanelController.m in Sources */ = {isa = PBXBuildFile; fileRef = 0896E56317BB49B700BFD8DD /* GPSidePanelController.m */; };
		0896E56717BB53B100BFD8DD /* GPJournalsViewController.m in Sources */ = {isa = PBXBuildFile; fileRef = 0896E56617BB53B100BFD8DD /* GPJournalsViewController.m */; };
		0896E56A17BB660200BFD8DD /* GPEditJournalViewController.m in Sources */ = {isa = PBXBuildFile; fileRef = 0896E56917BB660200BFD8DD /* GPEditJournalViewController.m */; };
		0896E56D17BBF39700BFD8DD /* GPJournal.m in Sources */ = {isa = PBXBuildFile; fileRef = 0896E56C17BBF39700BFD8DD /* GPJournal.m */; };
		0896E57317BBF7ED00BFD8DD /* GPAddJournalViewController.m in Sources */ = {isa = PBXBuildFile; fileRef = 0896E57217BBF7ED00BFD8DD /* GPAddJournalViewController.m */; };
		0896E5A317BC2E3E00BFD8DD /* evadress.png in Resources */ = {isa = PBXBuildFile; fileRef = 0896E59F17BC2E3E00BFD8DD /* evadress.png */; };
		0896E5A417BC2E3E00BFD8DD /* evafish.png in Resources */ = {isa = PBXBuildFile; fileRef = 0896E5A017BC2E3E00BFD8DD /* evafish.png */; };
		0896E5A517BC2E3E00BFD8DD /* evaplane.png in Resources */ = {isa = PBXBuildFile; fileRef = 0896E5A117BC2E3E00BFD8DD /* evaplane.png */; };
		0896E5A617BC2E3E00BFD8DD /* evasilly.png in Resources */ = {isa = PBXBuildFile; fileRef = 0896E5A217BC2E3E00BFD8DD /* evasilly.png */; };
		0896E5B317BCBDA600BFD8DD /* GPAddEntryViewController.m in Sources */ = {isa = PBXBuildFile; fileRef = 0896E5B217BCBDA600BFD8DD /* GPAddEntryViewController.m */; };
		0896E5B717BCCE8200BFD8DD /* UIImage+ImageResizing.m in Sources */ = {isa = PBXBuildFile; fileRef = 0896E5B617BCCE8200BFD8DD /* UIImage+ImageResizing.m */; };
		0896E5BA17BCCEAF00BFD8DD /* UIKitAdditions.m in Sources */ = {isa = PBXBuildFile; fileRef = 0896E5B917BCCEAF00BFD8DD /* UIKitAdditions.m */; };
		0896E5BD17BCCEC400BFD8DD /* CoreGraphicsAdditions.m in Sources */ = {isa = PBXBuildFile; fileRef = 0896E5BC17BCCEC400BFD8DD /* CoreGraphicsAdditions.m */; };
		0896E5C717BD42F800BFD8DD /* GPEntry.m in Sources */ = {isa = PBXBuildFile; fileRef = 0896E5C617BD42F800BFD8DD /* GPEntry.m */; };
		08A7DBED17B977E500C3ED80 /* UIKit.framework in Frameworks */ = {isa = PBXBuildFile; fileRef = 08A7DBEC17B977E500C3ED80 /* UIKit.framework */; };
		08A7DBEF17B977E500C3ED80 /* Foundation.framework in Frameworks */ = {isa = PBXBuildFile; fileRef = 08A7DBEE17B977E500C3ED80 /* Foundation.framework */; };
		08A7DBF117B977E500C3ED80 /* CoreGraphics.framework in Frameworks */ = {isa = PBXBuildFile; fileRef = 08A7DBF017B977E500C3ED80 /* CoreGraphics.framework */; };
		08A7DBF717B977E500C3ED80 /* InfoPlist.strings in Resources */ = {isa = PBXBuildFile; fileRef = 08A7DBF517B977E500C3ED80 /* InfoPlist.strings */; };
		08A7DBF917B977E500C3ED80 /* main.m in Sources */ = {isa = PBXBuildFile; fileRef = 08A7DBF817B977E500C3ED80 /* main.m */; };
		08A7DBFD17B977E500C3ED80 /* GPAppDelegate.m in Sources */ = {isa = PBXBuildFile; fileRef = 08A7DBFC17B977E500C3ED80 /* GPAppDelegate.m */; };
		08A7DBFF17B977E500C3ED80 /* Default.png in Resources */ = {isa = PBXBuildFile; fileRef = 08A7DBFE17B977E500C3ED80 /* Default.png */; };
		08A7DC0117B977E500C3ED80 /* Default@2x.png in Resources */ = {isa = PBXBuildFile; fileRef = 08A7DC0017B977E500C3ED80 /* Default@2x.png */; };
		08A7DC0317B977E500C3ED80 /* Default-568h@2x.png in Resources */ = {isa = PBXBuildFile; fileRef = 08A7DC0217B977E500C3ED80 /* Default-568h@2x.png */; };
		08A7DC0617B977E500C3ED80 /* MainStoryboard.storyboard in Resources */ = {isa = PBXBuildFile; fileRef = 08A7DC0417B977E500C3ED80 /* MainStoryboard.storyboard */; };
		08A7DC0917B977E500C3ED80 /* GPHomeViewController.m in Sources */ = {isa = PBXBuildFile; fileRef = 08A7DC0817B977E500C3ED80 /* GPHomeViewController.m */; };
		08A7DC0B17B977E500C3ED80 /* first.png in Resources */ = {isa = PBXBuildFile; fileRef = 08A7DC0A17B977E500C3ED80 /* first.png */; };
		08A7DC0D17B977E500C3ED80 /* first@2x.png in Resources */ = {isa = PBXBuildFile; fileRef = 08A7DC0C17B977E500C3ED80 /* first@2x.png */; };
		08A7DC1217B977E500C3ED80 /* second.png in Resources */ = {isa = PBXBuildFile; fileRef = 08A7DC1117B977E500C3ED80 /* second.png */; };
		08A7DC1417B977E500C3ED80 /* second@2x.png in Resources */ = {isa = PBXBuildFile; fileRef = 08A7DC1317B977E500C3ED80 /* second@2x.png */; };
		08A7DC3717B97B0600C3ED80 /* Parse.framework in Frameworks */ = {isa = PBXBuildFile; fileRef = 08A7DC3617B97B0600C3ED80 /* Parse.framework */; };
		08A7DC3917B97B2000C3ED80 /* AudioToolbox.framework in Frameworks */ = {isa = PBXBuildFile; fileRef = 08A7DC3817B97B2000C3ED80 /* AudioToolbox.framework */; };
		08A7DC3B17B97B2800C3ED80 /* CFNetwork.framework in Frameworks */ = {isa = PBXBuildFile; fileRef = 08A7DC3A17B97B2800C3ED80 /* CFNetwork.framework */; };
		08A7DC3D17B97B3500C3ED80 /* CoreLocation.framework in Frameworks */ = {isa = PBXBuildFile; fileRef = 08A7DC3C17B97B3500C3ED80 /* CoreLocation.framework */; };
		08A7DC3F17B97B3E00C3ED80 /* libz.1.1.3.dylib in Frameworks */ = {isa = PBXBuildFile; fileRef = 08A7DC3E17B97B3E00C3ED80 /* libz.1.1.3.dylib */; };
		08A7DC4117B97B4600C3ED80 /* MobileCoreServices.framework in Frameworks */ = {isa = PBXBuildFile; fileRef = 08A7DC4017B97B4600C3ED80 /* MobileCoreServices.framework */; };
		08A7DC4317B97B4E00C3ED80 /* QuartzCore.framework in Frameworks */ = {isa = PBXBuildFile; fileRef = 08A7DC4217B97B4E00C3ED80 /* QuartzCore.framework */; };
		08A7DC4517B97B5500C3ED80 /* Security.framework in Frameworks */ = {isa = PBXBuildFile; fileRef = 08A7DC4417B97B5500C3ED80 /* Security.framework */; };
		08A7DC4717B97B5C00C3ED80 /* StoreKit.framework in Frameworks */ = {isa = PBXBuildFile; fileRef = 08A7DC4617B97B5C00C3ED80 /* StoreKit.framework */; };
		08A7DC4917B97B6200C3ED80 /* SystemConfiguration.framework in Frameworks */ = {isa = PBXBuildFile; fileRef = 08A7DC4817B97B6200C3ED80 /* SystemConfiguration.framework */; };
		08A7DC5217B9808A00C3ED80 /* GPLoginViewController.m in Sources */ = {isa = PBXBuildFile; fileRef = 08A7DC5117B9808A00C3ED80 /* GPLoginViewController.m */; };
/* End PBXBuildFile section */

/* Begin PBXFileReference section */
		0833F18717BA1FB600D55D39 /* GPSignUpViewController.h */ = {isa = PBXFileReference; fileEncoding = 4; lastKnownFileType = sourcecode.c.h; path = GPSignUpViewController.h; sourceTree = "<group>"; };
		0833F18817BA1FB600D55D39 /* GPSignUpViewController.m */ = {isa = PBXFileReference; fileEncoding = 4; lastKnownFileType = sourcecode.c.objc; path = GPSignUpViewController.m; sourceTree = "<group>"; };
		086C784617B98FE200CE9FA7 /* XCTest.framework */ = {isa = PBXFileReference; lastKnownFileType = wrapper.framework; name = XCTest.framework; path = Library/Frameworks/XCTest.framework; sourceTree = DEVELOPER_DIR; };
		0896E55417BAE62F00BFD8DD /* GPHelpers.h */ = {isa = PBXFileReference; fileEncoding = 4; lastKnownFileType = sourcecode.c.h; path = GPHelpers.h; sourceTree = "<group>"; };
		0896E55517BAE62F00BFD8DD /* GPHelpers.m */ = {isa = PBXFileReference; fileEncoding = 4; lastKnownFileType = sourcecode.c.objc; path = GPHelpers.m; sourceTree = "<group>"; };
		0896E55B17BB45E400BFD8DD /* JASidePanelController.h */ = {isa = PBXFileReference; fileEncoding = 4; lastKnownFileType = sourcecode.c.h; path = JASidePanelController.h; sourceTree = "<group>"; };
		0896E55C17BB45E400BFD8DD /* JASidePanelController.m */ = {isa = PBXFileReference; fileEncoding = 4; lastKnownFileType = sourcecode.c.objc; path = JASidePanelController.m; sourceTree = "<group>"; };
		0896E55D17BB45E400BFD8DD /* UIViewController+JASidePanel.h */ = {isa = PBXFileReference; fileEncoding = 4; lastKnownFileType = sourcecode.c.h; path = "UIViewController+JASidePanel.h"; sourceTree = "<group>"; };
		0896E55E17BB45E400BFD8DD /* UIViewController+JASidePanel.m */ = {isa = PBXFileReference; fileEncoding = 4; lastKnownFileType = sourcecode.c.objc; path = "UIViewController+JASidePanel.m"; sourceTree = "<group>"; };
		0896E56217BB49B700BFD8DD /* GPSidePanelController.h */ = {isa = PBXFileReference; fileEncoding = 4; lastKnownFileType = sourcecode.c.h; path = GPSidePanelController.h; sourceTree = "<group>"; };
		0896E56317BB49B700BFD8DD /* GPSidePanelController.m */ = {isa = PBXFileReference; fileEncoding = 4; lastKnownFileType = sourcecode.c.objc; path = GPSidePanelController.m; sourceTree = "<group>"; };
		0896E56517BB53B100BFD8DD /* GPJournalsViewController.h */ = {isa = PBXFileReference; fileEncoding = 4; lastKnownFileType = sourcecode.c.h; path = GPJournalsViewController.h; sourceTree = "<group>"; };
		0896E56617BB53B100BFD8DD /* GPJournalsViewController.m */ = {isa = PBXFileReference; fileEncoding = 4; lastKnownFileType = sourcecode.c.objc; path = GPJournalsViewController.m; sourceTree = "<group>"; };
		0896E56817BB660200BFD8DD /* GPEditJournalViewController.h */ = {isa = PBXFileReference; fileEncoding = 4; lastKnownFileType = sourcecode.c.h; path = GPEditJournalViewController.h; sourceTree = "<group>"; };
		0896E56917BB660200BFD8DD /* GPEditJournalViewController.m */ = {isa = PBXFileReference; fileEncoding = 4; lastKnownFileType = sourcecode.c.objc; path = GPEditJournalViewController.m; sourceTree = "<group>"; };
		0896E56B17BBF39700BFD8DD /* GPJournal.h */ = {isa = PBXFileReference; fileEncoding = 4; lastKnownFileType = sourcecode.c.h; path = GPJournal.h; sourceTree = "<group>"; };
		0896E56C17BBF39700BFD8DD /* GPJournal.m */ = {isa = PBXFileReference; fileEncoding = 4; lastKnownFileType = sourcecode.c.objc; path = GPJournal.m; sourceTree = "<group>"; };
		0896E57117BBF7ED00BFD8DD /* GPAddJournalViewController.h */ = {isa = PBXFileReference; fileEncoding = 4; lastKnownFileType = sourcecode.c.h; path = GPAddJournalViewController.h; sourceTree = "<group>"; };
		0896E57217BBF7ED00BFD8DD /* GPAddJournalViewController.m */ = {isa = PBXFileReference; fileEncoding = 4; lastKnownFileType = sourcecode.c.objc; path = GPAddJournalViewController.m; sourceTree = "<group>"; };
		0896E59F17BC2E3E00BFD8DD /* evadress.png */ = {isa = PBXFileReference; lastKnownFileType = image.png; path = evadress.png; sourceTree = "<group>"; };
		0896E5A017BC2E3E00BFD8DD /* evafish.png */ = {isa = PBXFileReference; lastKnownFileType = image.png; path = evafish.png; sourceTree = "<group>"; };
		0896E5A117BC2E3E00BFD8DD /* evaplane.png */ = {isa = PBXFileReference; lastKnownFileType = image.png; path = evaplane.png; sourceTree = "<group>"; };
		0896E5A217BC2E3E00BFD8DD /* evasilly.png */ = {isa = PBXFileReference; lastKnownFileType = image.png; path = evasilly.png; sourceTree = "<group>"; };
		0896E5B117BCBDA600BFD8DD /* GPAddEntryViewController.h */ = {isa = PBXFileReference; fileEncoding = 4; lastKnownFileType = sourcecode.c.h; path = GPAddEntryViewController.h; sourceTree = "<group>"; };
		0896E5B217BCBDA600BFD8DD /* GPAddEntryViewController.m */ = {isa = PBXFileReference; fileEncoding = 4; lastKnownFileType = sourcecode.c.objc; path = GPAddEntryViewController.m; sourceTree = "<group>"; };
		0896E5B517BCCE8200BFD8DD /* UIImage+ImageResizing.h */ = {isa = PBXFileReference; fileEncoding = 4; lastKnownFileType = sourcecode.c.h; path = "UIImage+ImageResizing.h"; sourceTree = "<group>"; };
		0896E5B617BCCE8200BFD8DD /* UIImage+ImageResizing.m */ = {isa = PBXFileReference; fileEncoding = 4; lastKnownFileType = sourcecode.c.objc; path = "UIImage+ImageResizing.m"; sourceTree = "<group>"; };
		0896E5B817BCCEAF00BFD8DD /* UIKitAdditions.h */ = {isa = PBXFileReference; fileEncoding = 4; lastKnownFileType = sourcecode.c.h; path = UIKitAdditions.h; sourceTree = "<group>"; };
		0896E5B917BCCEAF00BFD8DD /* UIKitAdditions.m */ = {isa = PBXFileReference; fileEncoding = 4; lastKnownFileType = sourcecode.c.objc; path = UIKitAdditions.m; sourceTree = "<group>"; };
		0896E5BB17BCCEC400BFD8DD /* CoreGraphicsAdditions.h */ = {isa = PBXFileReference; fileEncoding = 4; lastKnownFileType = sourcecode.c.h; path = CoreGraphicsAdditions.h; sourceTree = "<group>"; };
		0896E5BC17BCCEC400BFD8DD /* CoreGraphicsAdditions.m */ = {isa = PBXFileReference; fileEncoding = 4; lastKnownFileType = sourcecode.c.objc; path = CoreGraphicsAdditions.m; sourceTree = "<group>"; };
		0896E5C517BD42F800BFD8DD /* GPEntry.h */ = {isa = PBXFileReference; fileEncoding = 4; lastKnownFileType = sourcecode.c.h; path = GPEntry.h; sourceTree = "<group>"; };
		0896E5C617BD42F800BFD8DD /* GPEntry.m */ = {isa = PBXFileReference; fileEncoding = 4; lastKnownFileType = sourcecode.c.objc; path = GPEntry.m; sourceTree = "<group>"; };
		08A7DBE917B977E500C3ED80 /* Growing Pains.app */ = {isa = PBXFileReference; explicitFileType = wrapper.application; includeInIndex = 0; path = "Growing Pains.app"; sourceTree = BUILT_PRODUCTS_DIR; };
		08A7DBEC17B977E500C3ED80 /* UIKit.framework */ = {isa = PBXFileReference; lastKnownFileType = wrapper.framework; name = UIKit.framework; path = System/Library/Frameworks/UIKit.framework; sourceTree = SDKROOT; };
		08A7DBEE17B977E500C3ED80 /* Foundation.framework */ = {isa = PBXFileReference; lastKnownFileType = wrapper.framework; name = Foundation.framework; path = System/Library/Frameworks/Foundation.framework; sourceTree = SDKROOT; };
		08A7DBF017B977E500C3ED80 /* CoreGraphics.framework */ = {isa = PBXFileReference; lastKnownFileType = wrapper.framework; name = CoreGraphics.framework; path = System/Library/Frameworks/CoreGraphics.framework; sourceTree = SDKROOT; };
		08A7DBF417B977E500C3ED80 /* GrowingPains2-Info.plist */ = {isa = PBXFileReference; lastKnownFileType = text.plist.xml; path = "GrowingPains2-Info.plist"; sourceTree = "<group>"; };
		08A7DBF617B977E500C3ED80 /* en */ = {isa = PBXFileReference; lastKnownFileType = text.plist.strings; name = en; path = en.lproj/InfoPlist.strings; sourceTree = "<group>"; };
		08A7DBF817B977E500C3ED80 /* main.m */ = {isa = PBXFileReference; lastKnownFileType = sourcecode.c.objc; path = main.m; sourceTree = "<group>"; };
		08A7DBFA17B977E500C3ED80 /* GrowingPains2-Prefix.pch */ = {isa = PBXFileReference; lastKnownFileType = sourcecode.c.h; path = "GrowingPains2-Prefix.pch"; sourceTree = "<group>"; };
		08A7DBFB17B977E500C3ED80 /* GPAppDelegate.h */ = {isa = PBXFileReference; lastKnownFileType = sourcecode.c.h; path = GPAppDelegate.h; sourceTree = "<group>"; };
		08A7DBFC17B977E500C3ED80 /* GPAppDelegate.m */ = {isa = PBXFileReference; lastKnownFileType = sourcecode.c.objc; path = GPAppDelegate.m; sourceTree = "<group>"; };
		08A7DBFE17B977E500C3ED80 /* Default.png */ = {isa = PBXFileReference; lastKnownFileType = image.png; path = Default.png; sourceTree = "<group>"; };
		08A7DC0017B977E500C3ED80 /* Default@2x.png */ = {isa = PBXFileReference; lastKnownFileType = image.png; path = "Default@2x.png"; sourceTree = "<group>"; };
		08A7DC0217B977E500C3ED80 /* Default-568h@2x.png */ = {isa = PBXFileReference; lastKnownFileType = image.png; path = "Default-568h@2x.png"; sourceTree = "<group>"; };
		08A7DC0517B977E500C3ED80 /* en */ = {isa = PBXFileReference; lastKnownFileType = file.storyboard; name = en; path = en.lproj/MainStoryboard.storyboard; sourceTree = "<group>"; };
		08A7DC0717B977E500C3ED80 /* GPHomeViewController.h */ = {isa = PBXFileReference; lastKnownFileType = sourcecode.c.h; path = GPHomeViewController.h; sourceTree = "<group>"; };
		08A7DC0817B977E500C3ED80 /* GPHomeViewController.m */ = {isa = PBXFileReference; lastKnownFileType = sourcecode.c.objc; path = GPHomeViewController.m; sourceTree = "<group>"; };
		08A7DC0A17B977E500C3ED80 /* first.png */ = {isa = PBXFileReference; lastKnownFileType = image.png; path = first.png; sourceTree = "<group>"; };
		08A7DC0C17B977E500C3ED80 /* first@2x.png */ = {isa = PBXFileReference; lastKnownFileType = image.png; path = "first@2x.png"; sourceTree = "<group>"; };
		08A7DC1117B977E500C3ED80 /* second.png */ = {isa = PBXFileReference; lastKnownFileType = image.png; path = second.png; sourceTree = "<group>"; };
		08A7DC1317B977E500C3ED80 /* second@2x.png */ = {isa = PBXFileReference; lastKnownFileType = image.png; path = "second@2x.png"; sourceTree = "<group>"; };
		08A7DC1B17B977E500C3ED80 /* SenTestingKit.framework */ = {isa = PBXFileReference; lastKnownFileType = wrapper.framework; name = SenTestingKit.framework; path = Library/Frameworks/SenTestingKit.framework; sourceTree = DEVELOPER_DIR; };
		08A7DC3617B97B0600C3ED80 /* Parse.framework */ = {isa = PBXFileReference; lastKnownFileType = wrapper.framework; path = Parse.framework; sourceTree = "<group>"; };
		08A7DC3817B97B2000C3ED80 /* AudioToolbox.framework */ = {isa = PBXFileReference; lastKnownFileType = wrapper.framework; name = AudioToolbox.framework; path = System/Library/Frameworks/AudioToolbox.framework; sourceTree = SDKROOT; };
		08A7DC3A17B97B2800C3ED80 /* CFNetwork.framework */ = {isa = PBXFileReference; lastKnownFileType = wrapper.framework; name = CFNetwork.framework; path = System/Library/Frameworks/CFNetwork.framework; sourceTree = SDKROOT; };
		08A7DC3C17B97B3500C3ED80 /* CoreLocation.framework */ = {isa = PBXFileReference; lastKnownFileType = wrapper.framework; name = CoreLocation.framework; path = System/Library/Frameworks/CoreLocation.framework; sourceTree = SDKROOT; };
		08A7DC3E17B97B3E00C3ED80 /* libz.1.1.3.dylib */ = {isa = PBXFileReference; lastKnownFileType = "compiled.mach-o.dylib"; name = libz.1.1.3.dylib; path = usr/lib/libz.1.1.3.dylib; sourceTree = SDKROOT; };
		08A7DC4017B97B4600C3ED80 /* MobileCoreServices.framework */ = {isa = PBXFileReference; lastKnownFileType = wrapper.framework; name = MobileCoreServices.framework; path = System/Library/Frameworks/MobileCoreServices.framework; sourceTree = SDKROOT; };
		08A7DC4217B97B4E00C3ED80 /* QuartzCore.framework */ = {isa = PBXFileReference; lastKnownFileType = wrapper.framework; name = QuartzCore.framework; path = System/Library/Frameworks/QuartzCore.framework; sourceTree = SDKROOT; };
		08A7DC4417B97B5500C3ED80 /* Security.framework */ = {isa = PBXFileReference; lastKnownFileType = wrapper.framework; name = Security.framework; path = System/Library/Frameworks/Security.framework; sourceTree = SDKROOT; };
		08A7DC4617B97B5C00C3ED80 /* StoreKit.framework */ = {isa = PBXFileReference; lastKnownFileType = wrapper.framework; name = StoreKit.framework; path = System/Library/Frameworks/StoreKit.framework; sourceTree = SDKROOT; };
		08A7DC4817B97B6200C3ED80 /* SystemConfiguration.framework */ = {isa = PBXFileReference; lastKnownFileType = wrapper.framework; name = SystemConfiguration.framework; path = System/Library/Frameworks/SystemConfiguration.framework; sourceTree = SDKROOT; };
		08A7DC5017B9808A00C3ED80 /* GPLoginViewController.h */ = {isa = PBXFileReference; fileEncoding = 4; lastKnownFileType = sourcecode.c.h; path = GPLoginViewController.h; sourceTree = "<group>"; };
		08A7DC5117B9808A00C3ED80 /* GPLoginViewController.m */ = {isa = PBXFileReference; fileEncoding = 4; lastKnownFileType = sourcecode.c.objc; path = GPLoginViewController.m; sourceTree = "<group>"; };
/* End PBXFileReference section */

/* Begin PBXFrameworksBuildPhase section */
		08A7DBE617B977E500C3ED80 /* Frameworks */ = {
			isa = PBXFrameworksBuildPhase;
			buildActionMask = 2147483647;
			files = (
				08A7DC4917B97B6200C3ED80 /* SystemConfiguration.framework in Frameworks */,
				08A7DC4717B97B5C00C3ED80 /* StoreKit.framework in Frameworks */,
				08A7DC4517B97B5500C3ED80 /* Security.framework in Frameworks */,
				08A7DC4317B97B4E00C3ED80 /* QuartzCore.framework in Frameworks */,
				08A7DC4117B97B4600C3ED80 /* MobileCoreServices.framework in Frameworks */,
				08A7DC3F17B97B3E00C3ED80 /* libz.1.1.3.dylib in Frameworks */,
				08A7DC3D17B97B3500C3ED80 /* CoreLocation.framework in Frameworks */,
				08A7DC3B17B97B2800C3ED80 /* CFNetwork.framework in Frameworks */,
				08A7DC3917B97B2000C3ED80 /* AudioToolbox.framework in Frameworks */,
				08A7DBED17B977E500C3ED80 /* UIKit.framework in Frameworks */,
				08A7DBEF17B977E500C3ED80 /* Foundation.framework in Frameworks */,
				08A7DBF117B977E500C3ED80 /* CoreGraphics.framework in Frameworks */,
				08A7DC3717B97B0600C3ED80 /* Parse.framework in Frameworks */,
			);
			runOnlyForDeploymentPostprocessing = 0;
		};
/* End PBXFrameworksBuildPhase section */

/* Begin PBXGroup section */
		0896E55317BAE5FB00BFD8DD /* Helpers */ = {
			isa = PBXGroup;
			children = (
				0896E55417BAE62F00BFD8DD /* GPHelpers.h */,
				0896E55517BAE62F00BFD8DD /* GPHelpers.m */,
			);
			name = Helpers;
			sourceTree = "<group>";
		};
		0896E55A17BB45D500BFD8DD /* External Source */ = {
			isa = PBXGroup;
			children = (
				0896E5C317BCDC3C00BFD8DD /* JASidePanel */,
				0896E5C217BCDC2D00BFD8DD /* Image Additions */,
			);
			name = "External Source";
			sourceTree = "<group>";
		};
		0896E5C217BCDC2D00BFD8DD /* Image Additions */ = {
			isa = PBXGroup;
			children = (
				0896E5BB17BCCEC400BFD8DD /* CoreGraphicsAdditions.h */,
				0896E5BC17BCCEC400BFD8DD /* CoreGraphicsAdditions.m */,
				0896E5B817BCCEAF00BFD8DD /* UIKitAdditions.h */,
				0896E5B917BCCEAF00BFD8DD /* UIKitAdditions.m */,
				0896E5B517BCCE8200BFD8DD /* UIImage+ImageResizing.h */,
				0896E5B617BCCE8200BFD8DD /* UIImage+ImageResizing.m */,
			);
			name = "Image Additions";
			sourceTree = "<group>";
		};
		0896E5C317BCDC3C00BFD8DD /* JASidePanel */ = {
			isa = PBXGroup;
			children = (
				0896E55B17BB45E400BFD8DD /* JASidePanelController.h */,
				0896E55C17BB45E400BFD8DD /* JASidePanelController.m */,
				0896E55D17BB45E400BFD8DD /* UIViewController+JASidePanel.h */,
				0896E55E17BB45E400BFD8DD /* UIViewController+JASidePanel.m */,
			);
			name = JASidePanel;
			sourceTree = "<group>";
		};
		08A7DBE017B977E500C3ED80 = {
			isa = PBXGroup;
			children = (
				08A7DBF217B977E500C3ED80 /* GrowingPains2 */,
				08A7DBEB17B977E500C3ED80 /* Frameworks */,
				08A7DBEA17B977E500C3ED80 /* Products */,
			);
			sourceTree = "<group>";
		};
		08A7DBEA17B977E500C3ED80 /* Products */ = {
			isa = PBXGroup;
			children = (
				08A7DBE917B977E500C3ED80 /* Growing Pains.app */,
			);
			name = Products;
			sourceTree = "<group>";
		};
		08A7DBEB17B977E500C3ED80 /* Frameworks */ = {
			isa = PBXGroup;
			children = (
				08A7DC4817B97B6200C3ED80 /* SystemConfiguration.framework */,
				08A7DC4617B97B5C00C3ED80 /* StoreKit.framework */,
				08A7DC4417B97B5500C3ED80 /* Security.framework */,
				08A7DC4217B97B4E00C3ED80 /* QuartzCore.framework */,
				08A7DC4017B97B4600C3ED80 /* MobileCoreServices.framework */,
				08A7DC3E17B97B3E00C3ED80 /* libz.1.1.3.dylib */,
				08A7DC3C17B97B3500C3ED80 /* CoreLocation.framework */,
				08A7DC3A17B97B2800C3ED80 /* CFNetwork.framework */,
				08A7DC3817B97B2000C3ED80 /* AudioToolbox.framework */,
				08A7DC3617B97B0600C3ED80 /* Parse.framework */,
				08A7DBEC17B977E500C3ED80 /* UIKit.framework */,
				08A7DBEE17B977E500C3ED80 /* Foundation.framework */,
				08A7DBF017B977E500C3ED80 /* CoreGraphics.framework */,
				08A7DC1B17B977E500C3ED80 /* SenTestingKit.framework */,
				086C784617B98FE200CE9FA7 /* XCTest.framework */,
			);
			name = Frameworks;
			sourceTree = "<group>";
		};
		08A7DBF217B977E500C3ED80 /* GrowingPains2 */ = {
			isa = PBXGroup;
			children = (
				08A7DBFB17B977E500C3ED80 /* GPAppDelegate.h */,
				08A7DBFC17B977E500C3ED80 /* GPAppDelegate.m */,
				08A7DC0417B977E500C3ED80 /* MainStoryboard.storyboard */,
				08A7DC3517B9780C00C3ED80 /* Resources */,
				08A7DC3217B977ED00C3ED80 /* Models */,
				08A7DC3317B977F500C3ED80 /* Views */,
				08A7DC3417B977FB00C3ED80 /* Controllers */,
				0896E55A17BB45D500BFD8DD /* External Source */,
				0896E55317BAE5FB00BFD8DD /* Helpers */,
				08A7DBF317B977E500C3ED80 /* Supporting Files */,
			);
			path = GrowingPains2;
			sourceTree = "<group>";
		};
		08A7DBF317B977E500C3ED80 /* Supporting Files */ = {
			isa = PBXGroup;
			children = (
				08A7DBF417B977E500C3ED80 /* GrowingPains2-Info.plist */,
				08A7DBF517B977E500C3ED80 /* InfoPlist.strings */,
				08A7DBF817B977E500C3ED80 /* main.m */,
				08A7DBFA17B977E500C3ED80 /* GrowingPains2-Prefix.pch */,
				08A7DBFE17B977E500C3ED80 /* Default.png */,
				08A7DC0017B977E500C3ED80 /* Default@2x.png */,
				08A7DC0217B977E500C3ED80 /* Default-568h@2x.png */,
			);
			name = "Supporting Files";
			sourceTree = "<group>";
		};
		08A7DC3217B977ED00C3ED80 /* Models */ = {
			isa = PBXGroup;
			children = (
				0896E56B17BBF39700BFD8DD /* GPJournal.h */,
				0896E56C17BBF39700BFD8DD /* GPJournal.m */,
				0896E5C517BD42F800BFD8DD /* GPEntry.h */,
				0896E5C617BD42F800BFD8DD /* GPEntry.m */,
			);
			name = Models;
			sourceTree = "<group>";
		};
		08A7DC3317B977F500C3ED80 /* Views */ = {
			isa = PBXGroup;
			children = (
			);
			name = Views;
			sourceTree = "<group>";
		};
		08A7DC3417B977FB00C3ED80 /* Controllers */ = {
			isa = PBXGroup;
			children = (
				0896E56217BB49B700BFD8DD /* GPSidePanelController.h */,
				0896E56317BB49B700BFD8DD /* GPSidePanelController.m */,
				08A7DC5017B9808A00C3ED80 /* GPLoginViewController.h */,
				08A7DC5117B9808A00C3ED80 /* GPLoginViewController.m */,
				0833F18717BA1FB600D55D39 /* GPSignUpViewController.h */,
				0833F18817BA1FB600D55D39 /* GPSignUpViewController.m */,
				08A7DC0717B977E500C3ED80 /* GPHomeViewController.h */,
				08A7DC0817B977E500C3ED80 /* GPHomeViewController.m */,
				0896E56517BB53B100BFD8DD /* GPJournalsViewController.h */,
				0896E56617BB53B100BFD8DD /* GPJournalsViewController.m */,
				0896E57117BBF7ED00BFD8DD /* GPAddJournalViewController.h */,
				0896E57217BBF7ED00BFD8DD /* GPAddJournalViewController.m */,
				0896E56817BB660200BFD8DD /* GPEditJournalViewController.h */,
				0896E56917BB660200BFD8DD /* GPEditJournalViewController.m */,
				0896E5B117BCBDA600BFD8DD /* GPAddEntryViewController.h */,
				0896E5B217BCBDA600BFD8DD /* GPAddEntryViewController.m */,
			);
			name = Controllers;
			sourceTree = "<group>";
		};
		08A7DC3517B9780C00C3ED80 /* Resources */ = {
			isa = PBXGroup;
			children = (
				0896E59F17BC2E3E00BFD8DD /* evadress.png */,
				0896E5A017BC2E3E00BFD8DD /* evafish.png */,
				0896E5A117BC2E3E00BFD8DD /* evaplane.png */,
				0896E5A217BC2E3E00BFD8DD /* evasilly.png */,
				08A7DC0A17B977E500C3ED80 /* first.png */,
				08A7DC0C17B977E500C3ED80 /* first@2x.png */,
				08A7DC1117B977E500C3ED80 /* second.png */,
				08A7DC1317B977E500C3ED80 /* second@2x.png */,
			);
			name = Resources;
			sourceTree = "<group>";
		};
/* End PBXGroup section */

/* Begin PBXNativeTarget section */
		08A7DBE817B977E500C3ED80 /* Growing Pains */ = {
			isa = PBXNativeTarget;
			buildConfigurationList = 08A7DC2C17B977E500C3ED80 /* Build configuration list for PBXNativeTarget "Growing Pains" */;
			buildPhases = (
				08A7DBE517B977E500C3ED80 /* Sources */,
				08A7DBE617B977E500C3ED80 /* Frameworks */,
				08A7DBE717B977E500C3ED80 /* Resources */,
			);
			buildRules = (
			);
			dependencies = (
			);
			name = "Growing Pains";
			productName = GrowingPains2;
			productReference = 08A7DBE917B977E500C3ED80 /* Growing Pains.app */;
			productType = "com.apple.product-type.application";
		};
/* End PBXNativeTarget section */

/* Begin PBXProject section */
		08A7DBE117B977E500C3ED80 /* Project object */ = {
			isa = PBXProject;
			attributes = {
				CLASSPREFIX = GP;
				LastUpgradeCheck = 0460;
				ORGANIZATIONNAME = "Paperplate LLC";
			};
			buildConfigurationList = 08A7DBE417B977E500C3ED80 /* Build configuration list for PBXProject "GrowingPains2" */;
			compatibilityVersion = "Xcode 3.2";
			developmentRegion = English;
			hasScannedForEncodings = 0;
			knownRegions = (
				en,
			);
			mainGroup = 08A7DBE017B977E500C3ED80;
			productRefGroup = 08A7DBEA17B977E500C3ED80 /* Products */;
			projectDirPath = "";
			projectRoot = "";
			targets = (
				08A7DBE817B977E500C3ED80 /* Growing Pains */,
			);
		};
/* End PBXProject section */

/* Begin PBXResourcesBuildPhase section */
		08A7DBE717B977E500C3ED80 /* Resources */ = {
			isa = PBXResourcesBuildPhase;
			buildActionMask = 2147483647;
			files = (
				08A7DBF717B977E500C3ED80 /* InfoPlist.strings in Resources */,
				0896E5A617BC2E3E00BFD8DD /* evasilly.png in Resources */,
				08A7DBFF17B977E500C3ED80 /* Default.png in Resources */,
				08A7DC0117B977E500C3ED80 /* Default@2x.png in Resources */,
				08A7DC0317B977E500C3ED80 /* Default-568h@2x.png in Resources */,
				0896E5A317BC2E3E00BFD8DD /* evadress.png in Resources */,
				08A7DC0617B977E500C3ED80 /* MainStoryboard.storyboard in Resources */,
				08A7DC0B17B977E500C3ED80 /* first.png in Resources */,
				0896E5A517BC2E3E00BFD8DD /* evaplane.png in Resources */,
				08A7DC0D17B977E500C3ED80 /* first@2x.png in Resources */,
				08A7DC1217B977E500C3ED80 /* second.png in Resources */,
				0896E5A417BC2E3E00BFD8DD /* evafish.png in Resources */,
				08A7DC1417B977E500C3ED80 /* second@2x.png in Resources */,
			);
			runOnlyForDeploymentPostprocessing = 0;
		};
/* End PBXResourcesBuildPhase section */

/* Begin PBXSourcesBuildPhase section */
		08A7DBE517B977E500C3ED80 /* Sources */ = {
			isa = PBXSourcesBuildPhase;
			buildActionMask = 2147483647;
			files = (
				0896E56417BB49B700BFD8DD /* GPSidePanelController.m in Sources */,
				0896E55617BAE62F00BFD8DD /* GPHelpers.m in Sources */,
				08A7DBF917B977E500C3ED80 /* main.m in Sources */,
				0896E5BA17BCCEAF00BFD8DD /* UIKitAdditions.m in Sources */,
				08A7DBFD17B977E500C3ED80 /* GPAppDelegate.m in Sources */,
				0896E57317BBF7ED00BFD8DD /* GPAddJournalViewController.m in Sources */,
				08A7DC0917B977E500C3ED80 /* GPHomeViewController.m in Sources */,
				0896E5BD17BCCEC400BFD8DD /* CoreGraphicsAdditions.m in Sources */,
				0896E5B317BCBDA600BFD8DD /* GPAddEntryViewController.m in Sources */,
				0896E56A17BB660200BFD8DD /* GPEditJournalViewController.m in Sources */,
				0896E56017BB45E400BFD8DD /* UIViewController+JASidePanel.m in Sources */,
				0896E55F17BB45E400BFD8DD /* JASidePanelController.m in Sources */,
				0896E56D17BBF39700BFD8DD /* GPJournal.m in Sources */,
				0896E5B717BCCE8200BFD8DD /* UIImage+ImageResizing.m in Sources */,
				08A7DC5217B9808A00C3ED80 /* GPLoginViewController.m in Sources */,
				0833F18917BA1FB600D55D39 /* GPSignUpViewController.m in Sources */,
				0896E56717BB53B100BFD8DD /* GPJournalsViewController.m in Sources */,
				0896E5C717BD42F800BFD8DD /* GPEntry.m in Sources */,
			);
			runOnlyForDeploymentPostprocessing = 0;
		};
/* End PBXSourcesBuildPhase section */

/* Begin PBXVariantGroup section */
		08A7DBF517B977E500C3ED80 /* InfoPlist.strings */ = {
			isa = PBXVariantGroup;
			children = (
				08A7DBF617B977E500C3ED80 /* en */,
			);
			name = InfoPlist.strings;
			sourceTree = "<group>";
		};
		08A7DC0417B977E500C3ED80 /* MainStoryboard.storyboard */ = {
			isa = PBXVariantGroup;
			children = (
				08A7DC0517B977E500C3ED80 /* en */,
			);
			name = MainStoryboard.storyboard;
			sourceTree = "<group>";
		};
/* End PBXVariantGroup section */

/* Begin XCBuildConfiguration section */
		08A7DC2A17B977E500C3ED80 /* Debug */ = {
			isa = XCBuildConfiguration;
			buildSettings = {
				ALWAYS_SEARCH_USER_PATHS = NO;
				CLANG_CXX_LANGUAGE_STANDARD = "gnu++0x";
				CLANG_CXX_LIBRARY = "libc++";
				CLANG_ENABLE_OBJC_ARC = YES;
				CLANG_WARN_CONSTANT_CONVERSION = YES;
				CLANG_WARN_EMPTY_BODY = YES;
				CLANG_WARN_ENUM_CONVERSION = YES;
				CLANG_WARN_INT_CONVERSION = YES;
				CLANG_WARN__DUPLICATE_METHOD_MATCH = YES;
				CODE_SIGN_IDENTITY = "iPhone Developer";
				"CODE_SIGN_IDENTITY[sdk=iphoneos*]" = "iPhone Developer";
				COPY_PHASE_STRIP = NO;
				GCC_C_LANGUAGE_STANDARD = gnu99;
				GCC_DYNAMIC_NO_PIC = NO;
				GCC_OPTIMIZATION_LEVEL = 0;
				GCC_PREPROCESSOR_DEFINITIONS = (
					"DEBUG=1",
					"$(inherited)",
				);
				GCC_SYMBOLS_PRIVATE_EXTERN = NO;
				GCC_WARN_ABOUT_RETURN_TYPE = YES;
				GCC_WARN_UNINITIALIZED_AUTOS = YES;
				GCC_WARN_UNUSED_VARIABLE = YES;
				IPHONEOS_DEPLOYMENT_TARGET = 6.1;
				ONLY_ACTIVE_ARCH = YES;
				SDKROOT = iphoneos;
			};
			name = Debug;
		};
		08A7DC2B17B977E500C3ED80 /* Release */ = {
			isa = XCBuildConfiguration;
			buildSettings = {
				ALWAYS_SEARCH_USER_PATHS = NO;
				CLANG_CXX_LANGUAGE_STANDARD = "gnu++0x";
				CLANG_CXX_LIBRARY = "libc++";
				CLANG_ENABLE_OBJC_ARC = YES;
				CLANG_WARN_CONSTANT_CONVERSION = YES;
				CLANG_WARN_EMPTY_BODY = YES;
				CLANG_WARN_ENUM_CONVERSION = YES;
				CLANG_WARN_INT_CONVERSION = YES;
				CLANG_WARN__DUPLICATE_METHOD_MATCH = YES;
				CODE_SIGN_IDENTITY = "iPhone Developer";
				"CODE_SIGN_IDENTITY[sdk=iphoneos*]" = "iPhone Developer";
				COPY_PHASE_STRIP = YES;
				GCC_C_LANGUAGE_STANDARD = gnu99;
				GCC_WARN_ABOUT_RETURN_TYPE = YES;
				GCC_WARN_UNINITIALIZED_AUTOS = YES;
				GCC_WARN_UNUSED_VARIABLE = YES;
				IPHONEOS_DEPLOYMENT_TARGET = 6.1;
				OTHER_CFLAGS = "-DNS_BLOCK_ASSERTIONS=1";
				SDKROOT = iphoneos;
				VALIDATE_PRODUCT = YES;
			};
			name = Release;
		};
		08A7DC2D17B977E500C3ED80 /* Debug */ = {
			isa = XCBuildConfiguration;
			buildSettings = {
				CODE_SIGN_IDENTITY = "iPhone Developer";
				FRAMEWORK_SEARCH_PATHS = (
					"$(inherited)",
					"\"$(SRCROOT)\"",
				);
				GCC_PRECOMPILE_PREFIX_HEADER = YES;
				GCC_PREFIX_HEADER = "GrowingPains2/GrowingPains2-Prefix.pch";
				INFOPLIST_FILE = "GrowingPains2/GrowingPains2-Info.plist";
				PRODUCT_NAME = "$(TARGET_NAME)";
				WRAPPER_EXTENSION = app;
			};
			name = Debug;
		};
		08A7DC2E17B977E500C3ED80 /* Release */ = {
			isa = XCBuildConfiguration;
			buildSettings = {
				CODE_SIGN_IDENTITY = "iPhone Developer";
				FRAMEWORK_SEARCH_PATHS = (
					"$(inherited)",
					"\"$(SRCROOT)\"",
				);
				GCC_PRECOMPILE_PREFIX_HEADER = YES;
				GCC_PREFIX_HEADER = "GrowingPains2/GrowingPains2-Prefix.pch";
				INFOPLIST_FILE = "GrowingPains2/GrowingPains2-Info.plist";
				PRODUCT_NAME = "$(TARGET_NAME)";
				WRAPPER_EXTENSION = app;
			};
			name = Release;
		};
/* End XCBuildConfiguration section */

/* Begin XCConfigurationList section */
		08A7DBE417B977E500C3ED80 /* Build configuration list for PBXProject "GrowingPains2" */ = {
			isa = XCConfigurationList;
			buildConfigurations = (
				08A7DC2A17B977E500C3ED80 /* Debug */,
				08A7DC2B17B977E500C3ED80 /* Release */,
			);
			defaultConfigurationIsVisible = 0;
			defaultConfigurationName = Release;
		};
		08A7DC2C17B977E500C3ED80 /* Build configuration list for PBXNativeTarget "Growing Pains" */ = {
			isa = XCConfigurationList;
			buildConfigurations = (
				08A7DC2D17B977E500C3ED80 /* Debug */,
				08A7DC2E17B977E500C3ED80 /* Release */,
			);
			defaultConfigurationIsVisible = 0;
			defaultConfigurationName = Release;
		};
/* End XCConfigurationList section */
	};
	rootObject = 08A7DBE117B977E500C3ED80 /* Project object */;
}
